
Microsoft Visual Studio Solution File, Format Version 12.00
# Visual Studio Version 17
VisualStudioVersion = 17.13.35806.99 d17.13
MinimumVisualStudioVersion = 10.0.40219.1
Project("{FAE04EC0-301F-11D3-BF4B-00C04F79EFBC}") = "Nfc_Menu_Api", "Nfc_Menu_Api.csproj", "{072FD6AB-2C4B-4716-9AA4-035DE9076A1D}"
EndProject
Global
	GlobalSection(SolutionConfigurationPlatforms) = preSolution
		Debug|Any CPU = Debug|Any CPU
		Release|Any CPU = Release|Any CPU
	EndGlobalSection
	GlobalSection(ProjectConfigurationPlatforms) = postSolution
		{072FD6AB-2C4B-4716-9AA4-035DE9076A1D}.Debug|Any CPU.ActiveCfg = Debug|Any CPU
		{072FD6AB-2C4B-4716-9AA4-035DE9076A1D}.Debug|Any CPU.Build.0 = Debug|Any CPU
		{072FD6AB-2C4B-4716-9AA4-035DE9076A1D}.Release|Any CPU.ActiveCfg = Release|Any CPU
		{072FD6AB-2C4B-4716-9AA4-035DE9076A1D}.Release|Any CPU.Build.0 = Release|Any CPU
	EndGlobalSection
	GlobalSection(SolutionProperties) = preSolution
		HideSolutionNode = FALSE
	EndGlobalSection
	GlobalSection(ExtensibilityGlobals) = postSolution
		SolutionGuid = {BEECF39F-5637-4470-BE0D-B417D7875CD4}
	EndGlobalSection
EndGlobal
